
Microsoft Visual Studio Solution File, Format Version 12.00
# Visual Studio Version 17
VisualStudioVersion = 17.2.32602.215
MinimumVisualStudioVersion = 10.0.40219.1
Project("{FAE04EC0-301F-11D3-BF4B-00C04F79EFBC}") = "CSVImport", "CSVImport\CSVImport.csproj", "{8D379694-794B-4584-BDC1-29BE6DF831CC}"
EndProject
Global
	GlobalSection(SolutionConfigurationPlatforms) = preSolution
		Debug|Any CPU = Debug|Any CPU
		Release|Any CPU = Release|Any CPU
	EndGlobalSection
	GlobalSection(ProjectConfigurationPlatforms) = postSolution
		{8D379694-794B-4584-BDC1-29BE6DF831CC}.Debug|Any CPU.ActiveCfg = Debug|Any CPU
		{8D379694-794B-4584-BDC1-29BE6DF831CC}.Debug|Any CPU.Build.0 = Debug|Any CPU
		{8D379694-794B-4584-BDC1-29BE6DF831CC}.Release|Any CPU.ActiveCfg = Release|Any CPU
		{8D379694-794B-4584-BDC1-29BE6DF831CC}.Release|Any CPU.Build.0 = Release|Any CPU
	EndGlobalSection
	GlobalSection(SolutionProperties) = preSolution
		HideSolutionNode = FALSE
	EndGlobalSection
	GlobalSection(ExtensibilityGlobals) = postSolution
		SolutionGuid = {BC9616DB-517B-4533-8A66-B70791A58683}
	EndGlobalSection
EndGlobal
